
Microsoft Visual Studio Solution File, Format Version 12.00
# Visual Studio Version 17
VisualStudioVersion = 17.2.32630.192
MinimumVisualStudioVersion = 10.0.40219.1
Project("{FAE04EC0-301F-11D3-BF4B-00C04F79EFBC}") = "Tarea 2 Practica Definitiva", "Tarea 2 Practica Definitiva.csproj", "{31F4DF54-0F6B-43FD-A5D9-80E63A03EC26}"
EndProject
Global
	GlobalSection(SolutionConfigurationPlatforms) = preSolution
		Debug|Any CPU = Debug|Any CPU
		Release|Any CPU = Release|Any CPU
	EndGlobalSection
	GlobalSection(ProjectConfigurationPlatforms) = postSolution
		{31F4DF54-0F6B-43FD-A5D9-80E63A03EC26}.Debug|Any CPU.ActiveCfg = Debug|Any CPU
		{31F4DF54-0F6B-43FD-A5D9-80E63A03EC26}.Debug|Any CPU.Build.0 = Debug|Any CPU
		{31F4DF54-0F6B-43FD-A5D9-80E63A03EC26}.Release|Any CPU.ActiveCfg = Release|Any CPU
		{31F4DF54-0F6B-43FD-A5D9-80E63A03EC26}.Release|Any CPU.Build.0 = Release|Any CPU
	EndGlobalSection
	GlobalSection(SolutionProperties) = preSolution
		HideSolutionNode = FALSE
	EndGlobalSection
	GlobalSection(ExtensibilityGlobals) = postSolution
		SolutionGuid = {316775F7-7D58-492E-80B6-C8F08C86DBC2}
	EndGlobalSection
EndGlobal
